
Microsoft Visual Studio Solution File, Format Version 12.00
Project("{FAE04EC0-301F-11D3-BF4B-00C04F79EFBC}") = "Blastmanager", "Blastmanager\Blastmanager.csproj", "{EF3F3353-102F-46D5-B5CC-8DCB53ECE7B6}"
EndProject
Project("{FAE04EC0-301F-11D3-BF4B-00C04F79EFBC}") = "Blastmanager.Contractor", "Blastmanager.Contractor\Blastmanager.Contractor.csproj", "{8588E78C-350B-4C38-96A2-DE6573987999}"
EndProject
Project("{2150E333-8FDC-42A3-9474-1A3956D46DE8}") = "Tests", "Tests", "{E3C33EF9-AE15-4865-A4FE-480366EF524E}"
EndProject
Project("{2150E333-8FDC-42A3-9474-1A3956D46DE8}") = "src", "src", "{5BA51622-2BF8-421B-B68E-93226F251664}"
EndProject
Project("{FAE04EC0-301F-11D3-BF4B-00C04F79EFBC}") = "Tests", "Tests\Tests.csproj", "{FC0C87F6-9CA4-4FA5-9ACC-F8CD4BCA28ED}"
EndProject
Project("{FAE04EC0-301F-11D3-BF4B-00C04F79EFBC}") = "Sample", "Sample\Sample.csproj", "{FB78F038-3F12-4FAE-ACD2-30C37E15EB97}"
EndProject
Global
	GlobalSection(SolutionConfigurationPlatforms) = preSolution
		Debug|Any CPU = Debug|Any CPU
		Release|Any CPU = Release|Any CPU
	EndGlobalSection
	GlobalSection(ProjectConfigurationPlatforms) = postSolution
		{EF3F3353-102F-46D5-B5CC-8DCB53ECE7B6}.Debug|Any CPU.ActiveCfg = Debug|Any CPU
		{EF3F3353-102F-46D5-B5CC-8DCB53ECE7B6}.Debug|Any CPU.Build.0 = Debug|Any CPU
		{EF3F3353-102F-46D5-B5CC-8DCB53ECE7B6}.Release|Any CPU.ActiveCfg = Release|Any CPU
		{EF3F3353-102F-46D5-B5CC-8DCB53ECE7B6}.Release|Any CPU.Build.0 = Release|Any CPU
		{8588E78C-350B-4C38-96A2-DE6573987999}.Debug|Any CPU.ActiveCfg = Debug|Any CPU
		{8588E78C-350B-4C38-96A2-DE6573987999}.Debug|Any CPU.Build.0 = Debug|Any CPU
		{8588E78C-350B-4C38-96A2-DE6573987999}.Release|Any CPU.ActiveCfg = Release|Any CPU
		{8588E78C-350B-4C38-96A2-DE6573987999}.Release|Any CPU.Build.0 = Release|Any CPU
		{FC0C87F6-9CA4-4FA5-9ACC-F8CD4BCA28ED}.Debug|Any CPU.ActiveCfg = Debug|Any CPU
		{FC0C87F6-9CA4-4FA5-9ACC-F8CD4BCA28ED}.Debug|Any CPU.Build.0 = Debug|Any CPU
		{FC0C87F6-9CA4-4FA5-9ACC-F8CD4BCA28ED}.Release|Any CPU.ActiveCfg = Release|Any CPU
		{FC0C87F6-9CA4-4FA5-9ACC-F8CD4BCA28ED}.Release|Any CPU.Build.0 = Release|Any CPU
		{FB78F038-3F12-4FAE-ACD2-30C37E15EB97}.Debug|Any CPU.ActiveCfg = Debug|Any CPU
		{FB78F038-3F12-4FAE-ACD2-30C37E15EB97}.Debug|Any CPU.Build.0 = Debug|Any CPU
		{FB78F038-3F12-4FAE-ACD2-30C37E15EB97}.Release|Any CPU.ActiveCfg = Release|Any CPU
		{FB78F038-3F12-4FAE-ACD2-30C37E15EB97}.Release|Any CPU.Build.0 = Release|Any CPU
	EndGlobalSection
	GlobalSection(NestedProjects) = preSolution
		{EF3F3353-102F-46D5-B5CC-8DCB53ECE7B6} = {5BA51622-2BF8-421B-B68E-93226F251664}
		{8588E78C-350B-4C38-96A2-DE6573987999} = {5BA51622-2BF8-421B-B68E-93226F251664}
		{FC0C87F6-9CA4-4FA5-9ACC-F8CD4BCA28ED} = {E3C33EF9-AE15-4865-A4FE-480366EF524E}
		{FB78F038-3F12-4FAE-ACD2-30C37E15EB97} = {5BA51622-2BF8-421B-B68E-93226F251664}
	EndGlobalSection
EndGlobal
